
Microsoft Visual Studio Solution File, Format Version 12.00
# Visual Studio Version 16
VisualStudioVersion = 16.0.28803.156
MinimumVisualStudioVersion = 10.0.40219.1
Project("{9A19103F-16F7-4668-BE54-9A1E7A4F7556}") = "Ceisen.UI", "src\Ceisen.UI\Ceisen.UI.csproj", "{0CDE5DEC-EACA-42AF-B769-AE8AC4846B39}"
EndProject
Project("{9A19103F-16F7-4668-BE54-9A1E7A4F7556}") = "Ceisen.IRepository", "src\Ceisen.IRepository\Ceisen.IRepository.csproj", "{6F82916E-90DD-4DF8-A03B-F347035A9496}"
EndProject
Project("{9A19103F-16F7-4668-BE54-9A1E7A4F7556}") = "Ceisen.Repository", "src\Ceisen.Repository\Ceisen.Repository.csproj", "{BCF3887F-C3D9-4B30-8906-E4208D7447E5}"
EndProject
Project("{9A19103F-16F7-4668-BE54-9A1E7A4F7556}") = "Ceisen.Core", "src\Ceisen.Core\Ceisen.Core.csproj", "{04362EB8-F57A-4658-B086-4AF70B7CCA04}"
EndProject
Project("{FAE04EC0-301F-11D3-BF4B-00C04F79EFBC}") = "Ceisen.Models", "src\Ceisen.Models\Ceisen.Models.csproj", "{7FFB94F7-E765-4EB8-87F8-4B30120C6E89}"
EndProject
Global
	GlobalSection(SolutionConfigurationPlatforms) = preSolution
		Debug|Any CPU = Debug|Any CPU
		Release|Any CPU = Release|Any CPU
	EndGlobalSection
	GlobalSection(ProjectConfigurationPlatforms) = postSolution
		{0CDE5DEC-EACA-42AF-B769-AE8AC4846B39}.Debug|Any CPU.ActiveCfg = Debug|Any CPU
		{0CDE5DEC-EACA-42AF-B769-AE8AC4846B39}.Debug|Any CPU.Build.0 = Debug|Any CPU
		{0CDE5DEC-EACA-42AF-B769-AE8AC4846B39}.Release|Any CPU.ActiveCfg = Release|Any CPU
		{0CDE5DEC-EACA-42AF-B769-AE8AC4846B39}.Release|Any CPU.Build.0 = Release|Any CPU
		{6F82916E-90DD-4DF8-A03B-F347035A9496}.Debug|Any CPU.ActiveCfg = Debug|Any CPU
		{6F82916E-90DD-4DF8-A03B-F347035A9496}.Debug|Any CPU.Build.0 = Debug|Any CPU
		{6F82916E-90DD-4DF8-A03B-F347035A9496}.Release|Any CPU.ActiveCfg = Release|Any CPU
		{6F82916E-90DD-4DF8-A03B-F347035A9496}.Release|Any CPU.Build.0 = Release|Any CPU
		{BCF3887F-C3D9-4B30-8906-E4208D7447E5}.Debug|Any CPU.ActiveCfg = Debug|Any CPU
		{BCF3887F-C3D9-4B30-8906-E4208D7447E5}.Debug|Any CPU.Build.0 = Debug|Any CPU
		{BCF3887F-C3D9-4B30-8906-E4208D7447E5}.Release|Any CPU.ActiveCfg = Release|Any CPU
		{BCF3887F-C3D9-4B30-8906-E4208D7447E5}.Release|Any CPU.Build.0 = Release|Any CPU
		{04362EB8-F57A-4658-B086-4AF70B7CCA04}.Debug|Any CPU.ActiveCfg = Debug|Any CPU
		{04362EB8-F57A-4658-B086-4AF70B7CCA04}.Debug|Any CPU.Build.0 = Debug|Any CPU
		{04362EB8-F57A-4658-B086-4AF70B7CCA04}.Release|Any CPU.ActiveCfg = Release|Any CPU
		{04362EB8-F57A-4658-B086-4AF70B7CCA04}.Release|Any CPU.Build.0 = Release|Any CPU
		{7FFB94F7-E765-4EB8-87F8-4B30120C6E89}.Debug|Any CPU.ActiveCfg = Debug|Any CPU
		{7FFB94F7-E765-4EB8-87F8-4B30120C6E89}.Debug|Any CPU.Build.0 = Debug|Any CPU
		{7FFB94F7-E765-4EB8-87F8-4B30120C6E89}.Release|Any CPU.ActiveCfg = Release|Any CPU
		{7FFB94F7-E765-4EB8-87F8-4B30120C6E89}.Release|Any CPU.Build.0 = Release|Any CPU
	EndGlobalSection
	GlobalSection(SolutionProperties) = preSolution
		HideSolutionNode = FALSE
	EndGlobalSection
	GlobalSection(ExtensibilityGlobals) = postSolution
		SolutionGuid = {75E10184-C679-4EA6-B79C-54729EF79C9C}
	EndGlobalSection
EndGlobal
